
Microsoft Visual Studio Solution File, Format Version 9.00
# Visual Studio 2005
Project("{8BC9CEB8-8B4A-11D0-8D11-00A0C91BC942}") = "ConnectedNetwork", "ConnectedNetwork.vcproj", "{D3A74388-493D-4D1B-9E0A-72267ED06520}"
EndProject
Global
	GlobalSection(SolutionConfigurationPlatforms) = preSolution
		Release|Win32 = Release|Win32
	EndGlobalSection
	GlobalSection(ProjectConfigurationPlatforms) = postSolution
		{D3A74388-493D-4D1B-9E0A-72267ED06520}.Release|Win32.ActiveCfg = Release|Win32
		{D3A74388-493D-4D1B-9E0A-72267ED06520}.Release|Win32.Build.0 = Release|Win32
	EndGlobalSection
	GlobalSection(SolutionProperties) = preSolution
		HideSolutionNode = FALSE
	EndGlobalSection
EndGlobal
